// !$*UTF8*$!
{
	archiveVersion = 1;
	classes = {
	};
	objectVersion = 56;
	objects = {

/* Begin PBXBuildFile section */
		2E0A24A52B17E09800B4C563 /* NewsViewController.swift in Sources */ = {isa = PBXBuildFile; fileRef = 2E0A24A42B17E09800B4C563 /* NewsViewController.swift */; };
		2E0A24A72B17E15100B4C563 /* Settings.swift in Sources */ = {isa = PBXBuildFile; fileRef = 2E0A24A62B17E15100B4C563 /* Settings.swift */; };
		2E0A24A92B17E20900B4C563 /* UserDefault.swift in Sources */ = {isa = PBXBuildFile; fileRef = 2E0A24A82B17E20900B4C563 /* UserDefault.swift */; };
		2E0A24AC2B17E2EC00B4C563 /* NewsApiModel.swift in Sources */ = {isa = PBXBuildFile; fileRef = 2E0A24AB2B17E2EC00B4C563 /* NewsApiModel.swift */; };
		2E0A24AE2B17E38000B4C563 /* NewsApi.swift in Sources */ = {isa = PBXBuildFile; fileRef = 2E0A24AD2B17E38000B4C563 /* NewsApi.swift */; };
		2E0A24B32B1A852300B4C563 /* Views in Resources */ = {isa = PBXBuildFile; fileRef = 2E0A24B22B1A852300B4C563 /* Views */; };
		2EFBDFD82B05162200E76C90 /* AppDelegate.swift in Sources */ = {isa = PBXBuildFile; fileRef = 2EFBDFD72B05162200E76C90 /* AppDelegate.swift */; };
		2EFBDFDA2B05162200E76C90 /* SceneDelegate.swift in Sources */ = {isa = PBXBuildFile; fileRef = 2EFBDFD92B05162200E76C90 /* SceneDelegate.swift */; };
		2EFBDFDF2B05162200E76C90 /* Main.storyboard in Resources */ = {isa = PBXBuildFile; fileRef = 2EFBDFDD2B05162200E76C90 /* Main.storyboard */; };
		2EFBDFE12B05162300E76C90 /* Assets.xcassets in Resources */ = {isa = PBXBuildFile; fileRef = 2EFBDFE02B05162300E76C90 /* Assets.xcassets */; };
		2EFBDFE42B05162300E76C90 /* LaunchScreen.storyboard in Resources */ = {isa = PBXBuildFile; fileRef = 2EFBDFE22B05162300E76C90 /* LaunchScreen.storyboard */; };
		2EFBDFEF2B05162300E76C90 /* TheNewsTests.swift in Sources */ = {isa = PBXBuildFile; fileRef = 2EFBDFEE2B05162300E76C90 /* TheNewsTests.swift */; };
		2EFBDFF92B05162300E76C90 /* TheNewsUITests.swift in Sources */ = {isa = PBXBuildFile; fileRef = 2EFBDFF82B05162300E76C90 /* TheNewsUITests.swift */; };
		2EFBDFFB2B05162300E76C90 /* TheNewsUITestsLaunchTests.swift in Sources */ = {isa = PBXBuildFile; fileRef = 2EFBDFFA2B05162300E76C90 /* TheNewsUITestsLaunchTests.swift */; };
		6507850E25870361001ABDAE /* NewsViewModel.swift in Sources */ = {isa = PBXBuildFile; fileRef = 6507850D25870360001ABDAE /* NewsViewModel.swift */; };
/* End PBXBuildFile section */

/* Begin PBXContainerItemProxy section */
		2EFBDFEB2B05162300E76C90 /* PBXContainerItemProxy */ = {
			isa = PBXContainerItemProxy;
			containerPortal = 2EFBDFCC2B05162200E76C90 /* Project object */;
			proxyType = 1;
			remoteGlobalIDString = 2EFBDFD32B05162200E76C90;
			remoteInfo = TheNews;
		};
		2EFBDFF52B05162300E76C90 /* PBXContainerItemProxy */ = {
			isa = PBXContainerItemProxy;
			containerPortal = 2EFBDFCC2B05162200E76C90 /* Project object */;
			proxyType = 1;
			remoteGlobalIDString = 2EFBDFD32B05162200E76C90;
			remoteInfo = TheNews;
		};
/* End PBXContainerItemProxy section */

/* Begin PBXFileReference section */
		2E0A24A42B17E09800B4C563 /* NewsViewController.swift */ = {isa = PBXFileReference; lastKnownFileType = sourcecode.swift; path = NewsViewController.swift; sourceTree = "<group>"; };
		2E0A24A62B17E15100B4C563 /* Settings.swift */ = {isa = PBXFileReference; lastKnownFileType = sourcecode.swift; path = Settings.swift; sourceTree = "<group>"; };
		2E0A24A82B17E20900B4C563 /* UserDefault.swift */ = {isa = PBXFileReference; lastKnownFileType = sourcecode.swift; path = UserDefault.swift; sourceTree = "<group>"; };
		2E0A24AB2B17E2EC00B4C563 /* NewsApiModel.swift */ = {isa = PBXFileReference; lastKnownFileType = sourcecode.swift; path = NewsApiModel.swift; sourceTree = "<group>"; };
		2E0A24AD2B17E38000B4C563 /* NewsApi.swift */ = {isa = PBXFileReference; lastKnownFileType = sourcecode.swift; path = NewsApi.swift; sourceTree = "<group>"; };
		2E0A24B22B1A852300B4C563 /* Views */ = {isa = PBXFileReference; lastKnownFileType = folder; name = Views; path = NewsApi/Views; sourceTree = "<group>"; };
		2EFBDFD42B05162200E76C90 /* TheNews.app */ = {isa = PBXFileReference; explicitFileType = wrapper.application; includeInIndex = 0; path = TheNews.app; sourceTree = BUILT_PRODUCTS_DIR; };
		2EFBDFD72B05162200E76C90 /* AppDelegate.swift */ = {isa = PBXFileReference; lastKnownFileType = sourcecode.swift; path = AppDelegate.swift; sourceTree = "<group>"; };
		2EFBDFD92B05162200E76C90 /* SceneDelegate.swift */ = {isa = PBXFileReference; lastKnownFileType = sourcecode.swift; path = SceneDelegate.swift; sourceTree = "<group>"; };
		2EFBDFDE2B05162200E76C90 /* Base */ = {isa = PBXFileReference; lastKnownFileType = file.storyboard; name = Base; path = Base.lproj/Main.storyboard; sourceTree = "<group>"; };
		2EFBDFE02B05162300E76C90 /* Assets.xcassets */ = {isa = PBXFileReference; lastKnownFileType = folder.assetcatalog; path = Assets.xcassets; sourceTree = "<group>"; };
		2EFBDFE32B05162300E76C90 /* Base */ = {isa = PBXFileReference; lastKnownFileType = file.storyboard; name = Base; path = Base.lproj/LaunchScreen.storyboard; sourceTree = "<group>"; };
		2EFBDFE52B05162300E76C90 /* Info.plist */ = {isa = PBXFileReference; lastKnownFileType = text.plist.xml; path = Info.plist; sourceTree = "<group>"; };
		2EFBDFEA2B05162300E76C90 /* TheNewsTests.xctest */ = {isa = PBXFileReference; explicitFileType = wrapper.cfbundle; includeInIndex = 0; path = TheNewsTests.xctest; sourceTree = BUILT_PRODUCTS_DIR; };
		2EFBDFEE2B05162300E76C90 /* TheNewsTests.swift */ = {isa = PBXFileReference; lastKnownFileType = sourcecode.swift; path = TheNewsTests.swift; sourceTree = "<group>"; };
		2EFBDFF42B05162300E76C90 /* TheNewsUITests.xctest */ = {isa = PBXFileReference; explicitFileType = wrapper.cfbundle; includeInIndex = 0; path = TheNewsUITests.xctest; sourceTree = BUILT_PRODUCTS_DIR; };
		2EFBDFF82B05162300E76C90 /* TheNewsUITests.swift */ = {isa = PBXFileReference; lastKnownFileType = sourcecode.swift; path = TheNewsUITests.swift; sourceTree = "<group>"; };
		2EFBDFFA2B05162300E76C90 /* TheNewsUITestsLaunchTests.swift */ = {isa = PBXFileReference; lastKnownFileType = sourcecode.swift; path = TheNewsUITestsLaunchTests.swift; sourceTree = "<group>"; };
		6507850D25870360001ABDAE /* NewsViewModel.swift */ = {isa = PBXFileReference; fileEncoding = 4; lastKnownFileType = sourcecode.swift; path = NewsViewModel.swift; sourceTree = "<group>"; };
/* End PBXFileReference section */

/* Begin PBXFrameworksBuildPhase section */
		2EFBDFD12B05162200E76C90 /* Frameworks */ = {
			isa = PBXFrameworksBuildPhase;
			buildActionMask = 2147483647;
			files = (
			);
			runOnlyForDeploymentPostprocessing = 0;
		};
		2EFBDFE72B05162300E76C90 /* Frameworks */ = {
			isa = PBXFrameworksBuildPhase;
			buildActionMask = 2147483647;
			files = (
			);
			runOnlyForDeploymentPostprocessing = 0;
		};
		2EFBDFF12B05162300E76C90 /* Frameworks */ = {
			isa = PBXFrameworksBuildPhase;
			buildActionMask = 2147483647;
			files = (
			);
			runOnlyForDeploymentPostprocessing = 0;
		};
/* End PBXFrameworksBuildPhase section */

/* Begin PBXGroup section */
		2E0A24A32B17DF7F00B4C563 /* Recovered References */ = {
			isa = PBXGroup;
			children = (
				2EFBDFDD2B05162200E76C90 /* Main.storyboard */,
			);
			name = "Recovered References";
			sourceTree = "<group>";
		};
		2E0A24AA2B17E2D600B4C563 /* NewsApi */ = {
			isa = PBXGroup;
			children = (
				2E0A24AB2B17E2EC00B4C563 /* NewsApiModel.swift */,
				2E0A24AD2B17E38000B4C563 /* NewsApi.swift */,
			);
			path = NewsApi;
			sourceTree = "<group>";
		};
		2EFBDFCB2B05162200E76C90 = {
			isa = PBXGroup;
			children = (
				2EFBDFD62B05162200E76C90 /* TheNews */,
				2EFBDFED2B05162300E76C90 /* TheNewsTests */,
				2EFBDFF72B05162300E76C90 /* TheNewsUITests */,
				2EFBDFD52B05162200E76C90 /* Products */,
				2E0A24A32B17DF7F00B4C563 /* Recovered References */,
			);
			sourceTree = "<group>";
		};
		2EFBDFD52B05162200E76C90 /* Products */ = {
			isa = PBXGroup;
			children = (
				2EFBDFD42B05162200E76C90 /* TheNews.app */,
				2EFBDFEA2B05162300E76C90 /* TheNewsTests.xctest */,
				2EFBDFF42B05162300E76C90 /* TheNewsUITests.xctest */,
			);
			name = Products;
			sourceTree = "<group>";
		};
		2EFBDFD62B05162200E76C90 /* TheNews */ = {
			isa = PBXGroup;
			children = (
				2EFBDFD72B05162200E76C90 /* AppDelegate.swift */,
				2EFBDFD92B05162200E76C90 /* SceneDelegate.swift */,
				6507850D25870360001ABDAE /* NewsViewModel.swift */,
				2E0A24A42B17E09800B4C563 /* NewsViewController.swift */,
				2E0A24A62B17E15100B4C563 /* Settings.swift */,
				2E0A24A82B17E20900B4C563 /* UserDefault.swift */,
				2EFBDFE02B05162300E76C90 /* Assets.xcassets */,
				2EFBDFE22B05162300E76C90 /* LaunchScreen.storyboard */,
				2EFBDFE52B05162300E76C90 /* Info.plist */,
				2E0A24B22B1A852300B4C563 /* Views */,
				2E0A24AA2B17E2D600B4C563 /* NewsApi */,
			);
			path = TheNews;
			sourceTree = "<group>";
		};
		2EFBDFED2B05162300E76C90 /* TheNewsTests */ = {
			isa = PBXGroup;
			children = (
				2EFBDFEE2B05162300E76C90 /* TheNewsTests.swift */,
			);
			path = TheNewsTests;
			sourceTree = "<group>";
		};
		2EFBDFF72B05162300E76C90 /* TheNewsUITests */ = {
			isa = PBXGroup;
			children = (
				2EFBDFF82B05162300E76C90 /* TheNewsUITests.swift */,
				2EFBDFFA2B05162300E76C90 /* TheNewsUITestsLaunchTests.swift */,
			);
			path = TheNewsUITests;
			sourceTree = "<group>";
		};
/* End PBXGroup section */

/* Begin PBXNativeTarget section */
		2EFBDFD32B05162200E76C90 /* TheNews */ = {
			isa = PBXNativeTarget;
			buildConfigurationList = 2EFBDFFE2B05162300E76C90 /* Build configuration list for PBXNativeTarget "TheNews" */;
			buildPhases = (
				2EFBDFD02B05162200E76C90 /* Sources */,
				2EFBDFD12B05162200E76C90 /* Frameworks */,
				2EFBDFD22B05162200E76C90 /* Resources */,
			);
			buildRules = (
			);
			dependencies = (
			);
			name = TheNews;
			productName = TheNews;
			productReference = 2EFBDFD42B05162200E76C90 /* TheNews.app */;
			productType = "com.apple.product-type.application";
		};
		2EFBDFE92B05162300E76C90 /* TheNewsTests */ = {
			isa = PBXNativeTarget;
			buildConfigurationList = 2EFBE0012B05162300E76C90 /* Build configuration list for PBXNativeTarget "TheNewsTests" */;
			buildPhases = (
				2EFBDFE62B05162300E76C90 /* Sources */,
				2EFBDFE72B05162300E76C90 /* Frameworks */,
				2EFBDFE82B05162300E76C90 /* Resources */,
			);
			buildRules = (
			);
			dependencies = (
				2EFBDFEC2B05162300E76C90 /* PBXTargetDependency */,
			);
			name = TheNewsTests;
			productName = TheNewsTests;
			productReference = 2EFBDFEA2B05162300E76C90 /* TheNewsTests.xctest */;
			productType = "com.apple.product-type.bundle.unit-test";
		};
		2EFBDFF32B05162300E76C90 /* TheNewsUITests */ = {
			isa = PBXNativeTarget;
			buildConfigurationList = 2EFBE0042B05162300E76C90 /* Build configuration list for PBXNativeTarget "TheNewsUITests" */;
			buildPhases = (
				2EFBDFF02B05162300E76C90 /* Sources */,
				2EFBDFF12B05162300E76C90 /* Frameworks */,
				2EFBDFF22B05162300E76C90 /* Resources */,
			);
			buildRules = (
			);
			dependencies = (
				2EFBDFF62B05162300E76C90 /* PBXTargetDependency */,
			);
			name = TheNewsUITests;
			productName = TheNewsUITests;
			productReference = 2EFBDFF42B05162300E76C90 /* TheNewsUITests.xctest */;
			productType = "com.apple.product-type.bundle.ui-testing";
		};
/* End PBXNativeTarget section */

/* Begin PBXProject section */
		2EFBDFCC2B05162200E76C90 /* Project object */ = {
			isa = PBXProject;
			attributes = {
				BuildIndependentTargetsInParallel = 1;
				LastSwiftUpdateCheck = 1430;
				LastUpgradeCheck = 1430;
				TargetAttributes = {
					2EFBDFD32B05162200E76C90 = {
						CreatedOnToolsVersion = 14.3;
					};
					2EFBDFE92B05162300E76C90 = {
						CreatedOnToolsVersion = 14.3;
						TestTargetID = 2EFBDFD32B05162200E76C90;
					};
					2EFBDFF32B05162300E76C90 = {
						CreatedOnToolsVersion = 14.3;
						TestTargetID = 2EFBDFD32B05162200E76C90;
					};
				};
			};
			buildConfigurationList = 2EFBDFCF2B05162200E76C90 /* Build configuration list for PBXProject "TheNews" */;
			compatibilityVersion = "Xcode 14.0";
			developmentRegion = en;
			hasScannedForEncodings = 0;
			knownRegions = (
				en,
				Base,
			);
			mainGroup = 2EFBDFCB2B05162200E76C90;
			productRefGroup = 2EFBDFD52B05162200E76C90 /* Products */;
			projectDirPath = "";
			projectRoot = "";
			targets = (
				2EFBDFD32B05162200E76C90 /* TheNews */,
				2EFBDFE92B05162300E76C90 /* TheNewsTests */,
				2EFBDFF32B05162300E76C90 /* TheNewsUITests */,
			);
		};
/* End PBXProject section */

/* Begin PBXResourcesBuildPhase section */
		2EFBDFD22B05162200E76C90 /* Resources */ = {
			isa = PBXResourcesBuildPhase;
			buildActionMask = 2147483647;
			files = (
				2EFBDFE42B05162300E76C90 /* LaunchScreen.storyboard in Resources */,
				2EFBDFE12B05162300E76C90 /* Assets.xcassets in Resources */,
				2EFBDFDF2B05162200E76C90 /* Main.storyboard in Resources */,
				2E0A24B32B1A852300B4C563 /* Views in Resources */,
			);
			runOnlyForDeploymentPostprocessing = 0;
		};
		2EFBDFE82B05162300E76C90 /* Resources */ = {
			isa = PBXResourcesBuildPhase;
			buildActionMask = 2147483647;
			files = (
			);
			runOnlyForDeploymentPostprocessing = 0;
		};
		2EFBDFF22B05162300E76C90 /* Resources */ = {
			isa = PBXResourcesBuildPhase;
			buildActionMask = 2147483647;
			files = (
			);
			runOnlyForDeploymentPostprocessing = 0;
		};
/* End PBXResourcesBuildPhase section */

/* Begin PBXSourcesBuildPhase section */
		2EFBDFD02B05162200E76C90 /* Sources */ = {
			isa = PBXSourcesBuildPhase;
			buildActionMask = 2147483647;
			files = (
				2E0A24A72B17E15100B4C563 /* Settings.swift in Sources */,
				2E0A24AC2B17E2EC00B4C563 /* NewsApiModel.swift in Sources */,
				2E0A24A92B17E20900B4C563 /* UserDefault.swift in Sources */,
				6507850E25870361001ABDAE /* NewsViewModel.swift in Sources */,
				2EFBDFD82B05162200E76C90 /* AppDelegate.swift in Sources */,
				2E0A24A52B17E09800B4C563 /* NewsViewController.swift in Sources */,
				2EFBDFDA2B05162200E76C90 /* SceneDelegate.swift in Sources */,
				2E0A24AE2B17E38000B4C563 /* NewsApi.swift in Sources */,
			);
			runOnlyForDeploymentPostprocessing = 0;
		};
		2EFBDFE62B05162300E76C90 /* Sources */ = {
			isa = PBXSourcesBuildPhase;
			buildActionMask = 2147483647;
			files = (
				2EFBDFEF2B05162300E76C90 /* TheNewsTests.swift in Sources */,
			);
			runOnlyForDeploymentPostprocessing = 0;
		};
		2EFBDFF02B05162300E76C90 /* Sources */ = {
			isa = PBXSourcesBuildPhase;
			buildActionMask = 2147483647;
			files = (
				2EFBDFF92B05162300E76C90 /* TheNewsUITests.swift in Sources */,
				2EFBDFFB2B05162300E76C90 /* TheNewsUITestsLaunchTests.swift in Sources */,
			);
			runOnlyForDeploymentPostprocessing = 0;
		};
/* End PBXSourcesBuildPhase section */

/* Begin PBXTargetDependency section */
		2EFBDFEC2B05162300E76C90 /* PBXTargetDependency */ = {
			isa = PBXTargetDependency;
			target = 2EFBDFD32B05162200E76C90 /* TheNews */;
			targetProxy = 2EFBDFEB2B05162300E76C90 /* PBXContainerItemProxy */;
		};
		2EFBDFF62B05162300E76C90 /* PBXTargetDependency */ = {
			isa = PBXTargetDependency;
			target = 2EFBDFD32B05162200E76C90 /* TheNews */;
			targetProxy = 2EFBDFF52B05162300E76C90 /* PBXContainerItemProxy */;
		};
/* End PBXTargetDependency section */

/* Begin PBXVariantGroup section */
		2EFBDFDD2B05162200E76C90 /* Main.storyboard */ = {
			isa = PBXVariantGroup;
			children = (
				2EFBDFDE2B05162200E76C90 /* Base */,
			);
			name = Main.storyboard;
			sourceTree = "<group>";
		};
		2EFBDFE22B05162300E76C90 /* LaunchScreen.storyboard */ = {
			isa = PBXVariantGroup;
			children = (
				2EFBDFE32B05162300E76C90 /* Base */,
			);
			name = LaunchScreen.storyboard;
			sourceTree = "<group>";
		};
/* End PBXVariantGroup section */

/* Begin XCBuildConfiguration section */
		2EFBDFFC2B05162300E76C90 /* Debug */ = {
			isa = XCBuildConfiguration;
			buildSettings = {
				ALWAYS_SEARCH_USER_PATHS = NO;
				CLANG_ANALYZER_NONNULL = YES;
				CLANG_ANALYZER_NUMBER_OBJECT_CONVERSION = YES_AGGRESSIVE;
				CLANG_CXX_LANGUAGE_STANDARD = "gnu++20";
				CLANG_ENABLE_MODULES = YES;
				CLANG_ENABLE_OBJC_ARC = YES;
				CLANG_ENABLE_OBJC_WEAK = YES;
				CLANG_WARN_BLOCK_CAPTURE_AUTORELEASING = YES;
				CLANG_WARN_BOOL_CONVERSION = YES;
				CLANG_WARN_COMMA = YES;
				CLANG_WARN_CONSTANT_CONVERSION = YES;
				CLANG_WARN_DEPRECATED_OBJC_IMPLEMENTATIONS = YES;
				CLANG_WARN_DIRECT_OBJC_ISA_USAGE = YES_ERROR;
				CLANG_WARN_DOCUMENTATION_COMMENTS = YES;
				CLANG_WARN_EMPTY_BODY = YES;
				CLANG_WARN_ENUM_CONVERSION = YES;
				CLANG_WARN_INFINITE_RECURSION = YES;
				CLANG_WARN_INT_CONVERSION = YES;
				CLANG_WARN_NON_LITERAL_NULL_CONVERSION = YES;
				CLANG_WARN_OBJC_IMPLICIT_RETAIN_SELF = YES;
				CLANG_WARN_OBJC_LITERAL_CONVERSION = YES;
				CLANG_WARN_OBJC_ROOT_CLASS = YES_ERROR;
				CLANG_WARN_QUOTED_INCLUDE_IN_FRAMEWORK_HEADER = YES;
				CLANG_WARN_RANGE_LOOP_ANALYSIS = YES;
				CLANG_WARN_STRICT_PROTOTYPES = YES;
				CLANG_WARN_SUSPICIOUS_MOVE = YES;
				CLANG_WARN_UNGUARDED_AVAILABILITY = YES_AGGRESSIVE;
				CLANG_WARN_UNREACHABLE_CODE = YES;
				CLANG_WARN__DUPLICATE_METHOD_MATCH = YES;
				COPY_PHASE_STRIP = NO;
				DEBUG_INFORMATION_FORMAT = dwarf;
				ENABLE_STRICT_OBJC_MSGSEND = YES;
				ENABLE_TESTABILITY = YES;
				GCC_C_LANGUAGE_STANDARD = gnu11;
				GCC_DYNAMIC_NO_PIC = NO;
				GCC_NO_COMMON_BLOCKS = YES;
				GCC_OPTIMIZATION_LEVEL = 0;
				GCC_PREPROCESSOR_DEFINITIONS = (
					"DEBUG=1",
					"$(inherited)",
				);
				GCC_WARN_64_TO_32_BIT_CONVERSION = YES;
				GCC_WARN_ABOUT_RETURN_TYPE = YES_ERROR;
				GCC_WARN_UNDECLARED_SELECTOR = YES;
				GCC_WARN_UNINITIALIZED_AUTOS = YES_AGGRESSIVE;
				GCC_WARN_UNUSED_FUNCTION = YES;
				GCC_WARN_UNUSED_VARIABLE = YES;
				IPHONEOS_DEPLOYMENT_TARGET = 16.4;
				MTL_ENABLE_DEBUG_INFO = INCLUDE_SOURCE;
				MTL_FAST_MATH = YES;
				ONLY_ACTIVE_ARCH = YES;
				SDKROOT = iphoneos;
				SWIFT_ACTIVE_COMPILATION_CONDITIONS = DEBUG;
				SWIFT_OPTIMIZATION_LEVEL = "-Onone";
			};
			name = Debug;
		};
		2EFBDFFD2B05162300E76C90 /* Release */ = {
			isa = XCBuildConfiguration;
			buildSettings = {
				ALWAYS_SEARCH_USER_PATHS = NO;
				CLANG_ANALYZER_NONNULL = YES;
				CLANG_ANALYZER_NUMBER_OBJECT_CONVERSION = YES_AGGRESSIVE;
				CLANG_CXX_LANGUAGE_STANDARD = "gnu++20";
				CLANG_ENABLE_MODULES = YES;
				CLANG_ENABLE_OBJC_ARC = YES;
				CLANG_ENABLE_OBJC_WEAK = YES;
				CLANG_WARN_BLOCK_CAPTURE_AUTORELEASING = YES;
				CLANG_WARN_BOOL_CONVERSION = YES;
				CLANG_WARN_COMMA = YES;
				CLANG_WARN_CONSTANT_CONVERSION = YES;
				CLANG_WARN_DEPRECATED_OBJC_IMPLEMENTATIONS = YES;
				CLANG_WARN_DIRECT_OBJC_ISA_USAGE = YES_ERROR;
				CLANG_WARN_DOCUMENTATION_COMMENTS = YES;
				CLANG_WARN_EMPTY_BODY = YES;
				CLANG_WARN_ENUM_CONVERSION = YES;
				CLANG_WARN_INFINITE_RECURSION = YES;
				CLANG_WARN_INT_CONVERSION = YES;
				CLANG_WARN_NON_LITERAL_NULL_CONVERSION = YES;
				CLANG_WARN_OBJC_IMPLICIT_RETAIN_SELF = YES;
				CLANG_WARN_OBJC_LITERAL_CONVERSION = YES;
				CLANG_WARN_OBJC_ROOT_CLASS = YES_ERROR;
				CLANG_WARN_QUOTED_INCLUDE_IN_FRAMEWORK_HEADER = YES;
				CLANG_WARN_RANGE_LOOP_ANALYSIS = YES;
				CLANG_WARN_STRICT_PROTOTYPES = YES;
				CLANG_WARN_SUSPICIOUS_MOVE = YES;
				CLANG_WARN_UNGUARDED_AVAILABILITY = YES_AGGRESSIVE;
				CLANG_WARN_UNREACHABLE_CODE = YES;
				CLANG_WARN__DUPLICATE_METHOD_MATCH = YES;
				COPY_PHASE_STRIP = NO;
				DEBUG_INFORMATION_FORMAT = "dwarf-with-dsym";
				ENABLE_NS_ASSERTIONS = NO;
				ENABLE_STRICT_OBJC_MSGSEND = YES;
				GCC_C_LANGUAGE_STANDARD = gnu11;
				GCC_NO_COMMON_BLOCKS = YES;
				GCC_WARN_64_TO_32_BIT_CONVERSION = YES;
				GCC_WARN_ABOUT_RETURN_TYPE = YES_ERROR;
				GCC_WARN_UNDECLARED_SELECTOR = YES;
				GCC_WARN_UNINITIALIZED_AUTOS = YES_AGGRESSIVE;
				GCC_WARN_UNUSED_FUNCTION = YES;
				GCC_WARN_UNUSED_VARIABLE = YES;
				IPHONEOS_DEPLOYMENT_TARGET = 16.4;
				MTL_ENABLE_DEBUG_INFO = NO;
				MTL_FAST_MATH = YES;
				SDKROOT = iphoneos;
				SWIFT_COMPILATION_MODE = wholemodule;
				SWIFT_OPTIMIZATION_LEVEL = "-O";
				VALIDATE_PRODUCT = YES;
			};
			name = Release;
		};
		2EFBDFFF2B05162300E76C90 /* Debug */ = {
			isa = XCBuildConfiguration;
			buildSettings = {
				ASSETCATALOG_COMPILER_APPICON_NAME = AppIcon;
				ASSETCATALOG_COMPILER_GLOBAL_ACCENT_COLOR_NAME = AccentColor;
				CODE_SIGN_STYLE = Automatic;
				CURRENT_PROJECT_VERSION = 1;
				GENERATE_INFOPLIST_FILE = YES;
				INFOPLIST_FILE = TheNews/Info.plist;
				INFOPLIST_KEY_UIApplicationSupportsIndirectInputEvents = YES;
				INFOPLIST_KEY_UILaunchStoryboardName = LaunchScreen;
				INFOPLIST_KEY_UIMainStoryboardFile = Main;
				INFOPLIST_KEY_UISupportedInterfaceOrientations_iPad = "UIInterfaceOrientationPortrait UIInterfaceOrientationPortraitUpsideDown UIInterfaceOrientationLandscapeLeft UIInterfaceOrientationLandscapeRight";
				INFOPLIST_KEY_UISupportedInterfaceOrientations_iPhone = "UIInterfaceOrientationPortrait UIInterfaceOrientationLandscapeLeft UIInterfaceOrientationLandscapeRight";
				LD_RUNPATH_SEARCH_PATHS = (
					"$(inherited)",
					"@executable_path/Frameworks",
				);
				MARKETING_VERSION = 1.0;
				PRODUCT_BUNDLE_IDENTIFIER = com.thenews.TheNews;
				PRODUCT_NAME = "$(TARGET_NAME)";
				SWIFT_EMIT_LOC_STRINGS = YES;
				SWIFT_VERSION = 5.0;
				TARGETED_DEVICE_FAMILY = "1,2";
			};
			name = Debug;
		};
		2EFBE0002B05162300E76C90 /* Release */ = {
			isa = XCBuildConfiguration;
			buildSettings = {
				ASSETCATALOG_COMPILER_APPICON_NAME = AppIcon;
				ASSETCATALOG_COMPILER_GLOBAL_ACCENT_COLOR_NAME = AccentColor;
				CODE_SIGN_STYLE = Automatic;
				CURRENT_PROJECT_VERSION = 1;
				GENERATE_INFOPLIST_FILE = YES;
				INFOPLIST_FILE = TheNews/Info.plist;
				INFOPLIST_KEY_UIApplicationSupportsIndirectInputEvents = YES;
				INFOPLIST_KEY_UILaunchStoryboardName = LaunchScreen;
				INFOPLIST_KEY_UIMainStoryboardFile = Main;
				INFOPLIST_KEY_UISupportedInterfaceOrientations_iPad = "UIInterfaceOrientationPortrait UIInterfaceOrientationPortraitUpsideDown UIInterfaceOrientationLandscapeLeft UIInterfaceOrientationLandscapeRight";
				INFOPLIST_KEY_UISupportedInterfaceOrientations_iPhone = "UIInterfaceOrientationPortrait UIInterfaceOrientationLandscapeLeft UIInterfaceOrientationLandscapeRight";
				LD_RUNPATH_SEARCH_PATHS = (
					"$(inherited)",
					"@executable_path/Frameworks",
				);
				MARKETING_VERSION = 1.0;
				PRODUCT_BUNDLE_IDENTIFIER = com.thenews.TheNews;
				PRODUCT_NAME = "$(TARGET_NAME)";
				SWIFT_EMIT_LOC_STRINGS = YES;
				SWIFT_VERSION = 5.0;
				TARGETED_DEVICE_FAMILY = "1,2";
			};
			name = Release;
		};
		2EFBE0022B05162300E76C90 /* Debug */ = {
			isa = XCBuildConfiguration;
			buildSettings = {
				ALWAYS_EMBED_SWIFT_STANDARD_LIBRARIES = YES;
				BUNDLE_LOADER = "$(TEST_HOST)";
				CODE_SIGN_STYLE = Automatic;
				CURRENT_PROJECT_VERSION = 1;
				GENERATE_INFOPLIST_FILE = YES;
				IPHONEOS_DEPLOYMENT_TARGET = 16.4;
				MARKETING_VERSION = 1.0;
				PRODUCT_BUNDLE_IDENTIFIER = com.thenews.TheNewsTests;
				PRODUCT_NAME = "$(TARGET_NAME)";
				SWIFT_EMIT_LOC_STRINGS = NO;
				SWIFT_VERSION = 5.0;
				TARGETED_DEVICE_FAMILY = "1,2";
				TEST_HOST = "$(BUILT_PRODUCTS_DIR)/TheNews.app/$(BUNDLE_EXECUTABLE_FOLDER_PATH)/TheNews";
			};
			name = Debug;
		};
		2EFBE0032B05162300E76C90 /* Release */ = {
			isa = XCBuildConfiguration;
			buildSettings = {
				ALWAYS_EMBED_SWIFT_STANDARD_LIBRARIES = YES;
				BUNDLE_LOADER = "$(TEST_HOST)";
				CODE_SIGN_STYLE = Automatic;
				CURRENT_PROJECT_VERSION = 1;
				GENERATE_INFOPLIST_FILE = YES;
				IPHONEOS_DEPLOYMENT_TARGET = 16.4;
				MARKETING_VERSION = 1.0;
				PRODUCT_BUNDLE_IDENTIFIER = com.thenews.TheNewsTests;
				PRODUCT_NAME = "$(TARGET_NAME)";
				SWIFT_EMIT_LOC_STRINGS = NO;
				SWIFT_VERSION = 5.0;
				TARGETED_DEVICE_FAMILY = "1,2";
				TEST_HOST = "$(BUILT_PRODUCTS_DIR)/TheNews.app/$(BUNDLE_EXECUTABLE_FOLDER_PATH)/TheNews";
			};
			name = Release;
		};
		2EFBE0052B05162300E76C90 /* Debug */ = {
			isa = XCBuildConfiguration;
			buildSettings = {
				ALWAYS_EMBED_SWIFT_STANDARD_LIBRARIES = YES;
				CODE_SIGN_STYLE = Automatic;
				CURRENT_PROJECT_VERSION = 1;
				GENERATE_INFOPLIST_FILE = YES;
				MARKETING_VERSION = 1.0;
				PRODUCT_BUNDLE_IDENTIFIER = com.thenews.TheNewsUITests;
				PRODUCT_NAME = "$(TARGET_NAME)";
				SWIFT_EMIT_LOC_STRINGS = NO;
				SWIFT_VERSION = 5.0;
				TARGETED_DEVICE_FAMILY = "1,2";
				TEST_TARGET_NAME = TheNews;
			};
			name = Debug;
		};
		2EFBE0062B05162300E76C90 /* Release */ = {
			isa = XCBuildConfiguration;
			buildSettings = {
				ALWAYS_EMBED_SWIFT_STANDARD_LIBRARIES = YES;
				CODE_SIGN_STYLE = Automatic;
				CURRENT_PROJECT_VERSION = 1;
				GENERATE_INFOPLIST_FILE = YES;
				MARKETING_VERSION = 1.0;
				PRODUCT_BUNDLE_IDENTIFIER = com.thenews.TheNewsUITests;
				PRODUCT_NAME = "$(TARGET_NAME)";
				SWIFT_EMIT_LOC_STRINGS = NO;
				SWIFT_VERSION = 5.0;
				TARGETED_DEVICE_FAMILY = "1,2";
				TEST_TARGET_NAME = TheNews;
			};
			name = Release;
		};
/* End XCBuildConfiguration section */

/* Begin XCConfigurationList section */
		2EFBDFCF2B05162200E76C90 /* Build configuration list for PBXProject "TheNews" */ = {
			isa = XCConfigurationList;
			buildConfigurations = (
				2EFBDFFC2B05162300E76C90 /* Debug */,
				2EFBDFFD2B05162300E76C90 /* Release */,
			);
			defaultConfigurationIsVisible = 0;
			defaultConfigurationName = Release;
		};
		2EFBDFFE2B05162300E76C90 /* Build configuration list for PBXNativeTarget "TheNews" */ = {
			isa = XCConfigurationList;
			buildConfigurations = (
				2EFBDFFF2B05162300E76C90 /* Debug */,
				2EFBE0002B05162300E76C90 /* Release */,
			);
			defaultConfigurationIsVisible = 0;
			defaultConfigurationName = Release;
		};
		2EFBE0012B05162300E76C90 /* Build configuration list for PBXNativeTarget "TheNewsTests" */ = {
			isa = XCConfigurationList;
			buildConfigurations = (
				2EFBE0022B05162300E76C90 /* Debug */,
				2EFBE0032B05162300E76C90 /* Release */,
			);
			defaultConfigurationIsVisible = 0;
			defaultConfigurationName = Release;
		};
		2EFBE0042B05162300E76C90 /* Build configuration list for PBXNativeTarget "TheNewsUITests" */ = {
			isa = XCConfigurationList;
			buildConfigurations = (
				2EFBE0052B05162300E76C90 /* Debug */,
				2EFBE0062B05162300E76C90 /* Release */,
			);
			defaultConfigurationIsVisible = 0;
			defaultConfigurationName = Release;
		};
/* End XCConfigurationList section */
	};
	rootObject = 2EFBDFCC2B05162200E76C90 /* Project object */;
}
